
Microsoft Visual Studio Solution File, Format Version 12.00
# Visual Studio Version 17
VisualStudioVersion = 17.0.31903.59
MinimumVisualStudioVersion = 10.0.40219.1
Project("{2150E333-8FDC-42A3-9474-1A3956D46DE8}") = "src", "src", "{CEE4775A-15D5-406C-9EE6-7810A20D5092}"
EndProject
Project("{2150E333-8FDC-42A3-9474-1A3956D46DE8}") = "Modules", "Modules", "{457FA180-E00F-4027-9BE4-4441583BCEE7}"
EndProject
Project("{FAE04EC0-301F-11D3-BF4B-00C04F79EFBC}") = "Pos", "src\Modules\Pos\Pos.csproj", "{C7970EA7-84B7-4ED4-8228-89E4C07676C1}"
EndProject
Project("{FAE04EC0-301F-11D3-BF4B-00C04F79EFBC}") = "Membership", "src\Modules\Membership\Membership.csproj", "{DF04C412-AEDE-4E31-84AA-ECD22F061049}"
EndProject
Project("{2150E333-8FDC-42A3-9474-1A3956D46DE8}") = "Bootstrapper", "Bootstrapper", "{C06FDE6D-E35B-4DA5-8FBE-0ED9C08E554D}"
EndProject
Project("{FAE04EC0-301F-11D3-BF4B-00C04F79EFBC}") = "Api", "src\Bootstrapper\Api\Api.csproj", "{E7570925-3007-4F8E-9925-F7CE1D2607FC}"
EndProject
Project("{2150E333-8FDC-42A3-9474-1A3956D46DE8}") = "Shared", "Shared", "{01BF49BD-40B5-45AB-B175-1CC63289A578}"
EndProject
Project("{FAE04EC0-301F-11D3-BF4B-00C04F79EFBC}") = "Shared", "src\Shared\Shared\Shared.csproj", "{52E8A95A-E2BF-4BE1-862B-F552C03046C2}"
EndProject
Global
	GlobalSection(SolutionConfigurationPlatforms) = preSolution
		Debug|Any CPU = Debug|Any CPU
		Release|Any CPU = Release|Any CPU
	EndGlobalSection
	GlobalSection(SolutionProperties) = preSolution
		HideSolutionNode = FALSE
	EndGlobalSection
	GlobalSection(ProjectConfigurationPlatforms) = postSolution
		{C7970EA7-84B7-4ED4-8228-89E4C07676C1}.Debug|Any CPU.ActiveCfg = Debug|Any CPU
		{C7970EA7-84B7-4ED4-8228-89E4C07676C1}.Debug|Any CPU.Build.0 = Debug|Any CPU
		{C7970EA7-84B7-4ED4-8228-89E4C07676C1}.Release|Any CPU.ActiveCfg = Release|Any CPU
		{C7970EA7-84B7-4ED4-8228-89E4C07676C1}.Release|Any CPU.Build.0 = Release|Any CPU
		{DF04C412-AEDE-4E31-84AA-ECD22F061049}.Debug|Any CPU.ActiveCfg = Debug|Any CPU
		{DF04C412-AEDE-4E31-84AA-ECD22F061049}.Debug|Any CPU.Build.0 = Debug|Any CPU
		{DF04C412-AEDE-4E31-84AA-ECD22F061049}.Release|Any CPU.ActiveCfg = Release|Any CPU
		{DF04C412-AEDE-4E31-84AA-ECD22F061049}.Release|Any CPU.Build.0 = Release|Any CPU
		{E7570925-3007-4F8E-9925-F7CE1D2607FC}.Debug|Any CPU.ActiveCfg = Debug|Any CPU
		{E7570925-3007-4F8E-9925-F7CE1D2607FC}.Debug|Any CPU.Build.0 = Debug|Any CPU
		{E7570925-3007-4F8E-9925-F7CE1D2607FC}.Release|Any CPU.ActiveCfg = Release|Any CPU
		{E7570925-3007-4F8E-9925-F7CE1D2607FC}.Release|Any CPU.Build.0 = Release|Any CPU
		{52E8A95A-E2BF-4BE1-862B-F552C03046C2}.Debug|Any CPU.ActiveCfg = Debug|Any CPU
		{52E8A95A-E2BF-4BE1-862B-F552C03046C2}.Debug|Any CPU.Build.0 = Debug|Any CPU
		{52E8A95A-E2BF-4BE1-862B-F552C03046C2}.Release|Any CPU.ActiveCfg = Release|Any CPU
		{52E8A95A-E2BF-4BE1-862B-F552C03046C2}.Release|Any CPU.Build.0 = Release|Any CPU
	EndGlobalSection
	GlobalSection(NestedProjects) = preSolution
		{457FA180-E00F-4027-9BE4-4441583BCEE7} = {CEE4775A-15D5-406C-9EE6-7810A20D5092}
		{C7970EA7-84B7-4ED4-8228-89E4C07676C1} = {457FA180-E00F-4027-9BE4-4441583BCEE7}
		{DF04C412-AEDE-4E31-84AA-ECD22F061049} = {457FA180-E00F-4027-9BE4-4441583BCEE7}
		{C06FDE6D-E35B-4DA5-8FBE-0ED9C08E554D} = {CEE4775A-15D5-406C-9EE6-7810A20D5092}
		{E7570925-3007-4F8E-9925-F7CE1D2607FC} = {C06FDE6D-E35B-4DA5-8FBE-0ED9C08E554D}
		{01BF49BD-40B5-45AB-B175-1CC63289A578} = {CEE4775A-15D5-406C-9EE6-7810A20D5092}
		{52E8A95A-E2BF-4BE1-862B-F552C03046C2} = {01BF49BD-40B5-45AB-B175-1CC63289A578}
	EndGlobalSection
EndGlobal
